
Microsoft Visual Studio Solution File, Format Version 12.00
# Visual Studio Version 16
VisualStudioVersion = 16.0.31112.23
MinimumVisualStudioVersion = 10.0.40219.1
Project("{9A19103F-16F7-4668-BE54-9A1E7A4F7556}") = "PathfinderSheetModels", "PathfinderSheetModels\PathfinderSheetModels.csproj", "{D35EC8BB-81A9-4742-873C-40A28B90D6DC}"
EndProject
Project("{9A19103F-16F7-4668-BE54-9A1E7A4F7556}") = "PathfinderSheetServices", "PathfinderSheetServices\PathfinderSheetServices.csproj", "{37A3AACC-295D-47A4-A059-49F9585FF633}"
EndProject
Project("{9A19103F-16F7-4668-BE54-9A1E7A4F7556}") = "PathfinderSheetDataAccess", "PathfinderSheetDataAccess\PathfinderSheetDataAccess.csproj", "{32A79DC2-AAAC-4690-8D63-D1C898976F09}"
EndProject
Project("{9A19103F-16F7-4668-BE54-9A1E7A4F7556}") = "PathfinderSheetEventAggregator", "PathfinderSheetEventAggregator\PathfinderSheetEventAggregator.csproj", "{74E7EB9F-B6DA-40E6-B557-B62BFCE4F49C}"
EndProject
Project("{9A19103F-16F7-4668-BE54-9A1E7A4F7556}") = "View", "View\View.csproj", "{44FA1D3E-B517-4EBE-B62E-7F91A4E11AFB}"
EndProject
Project("{FAE04EC0-301F-11D3-BF4B-00C04F79EFBC}") = "PathWalkerViewModels", "PathWalkerViewModels\PathWalkerViewModels.csproj", "{59749E19-6094-4D17-98DA-8A08C7934D66}"
EndProject
Global
	GlobalSection(SolutionConfigurationPlatforms) = preSolution
		Debug|Any CPU = Debug|Any CPU
		Release|Any CPU = Release|Any CPU
	EndGlobalSection
	GlobalSection(ProjectConfigurationPlatforms) = postSolution
		{D35EC8BB-81A9-4742-873C-40A28B90D6DC}.Debug|Any CPU.ActiveCfg = Debug|Any CPU
		{D35EC8BB-81A9-4742-873C-40A28B90D6DC}.Debug|Any CPU.Build.0 = Debug|Any CPU
		{D35EC8BB-81A9-4742-873C-40A28B90D6DC}.Release|Any CPU.ActiveCfg = Release|Any CPU
		{D35EC8BB-81A9-4742-873C-40A28B90D6DC}.Release|Any CPU.Build.0 = Release|Any CPU
		{37A3AACC-295D-47A4-A059-49F9585FF633}.Debug|Any CPU.ActiveCfg = Debug|Any CPU
		{37A3AACC-295D-47A4-A059-49F9585FF633}.Debug|Any CPU.Build.0 = Debug|Any CPU
		{37A3AACC-295D-47A4-A059-49F9585FF633}.Release|Any CPU.ActiveCfg = Release|Any CPU
		{37A3AACC-295D-47A4-A059-49F9585FF633}.Release|Any CPU.Build.0 = Release|Any CPU
		{32A79DC2-AAAC-4690-8D63-D1C898976F09}.Debug|Any CPU.ActiveCfg = Debug|Any CPU
		{32A79DC2-AAAC-4690-8D63-D1C898976F09}.Debug|Any CPU.Build.0 = Debug|Any CPU
		{32A79DC2-AAAC-4690-8D63-D1C898976F09}.Release|Any CPU.ActiveCfg = Release|Any CPU
		{32A79DC2-AAAC-4690-8D63-D1C898976F09}.Release|Any CPU.Build.0 = Release|Any CPU
		{74E7EB9F-B6DA-40E6-B557-B62BFCE4F49C}.Debug|Any CPU.ActiveCfg = Debug|Any CPU
		{74E7EB9F-B6DA-40E6-B557-B62BFCE4F49C}.Debug|Any CPU.Build.0 = Debug|Any CPU
		{74E7EB9F-B6DA-40E6-B557-B62BFCE4F49C}.Release|Any CPU.ActiveCfg = Release|Any CPU
		{74E7EB9F-B6DA-40E6-B557-B62BFCE4F49C}.Release|Any CPU.Build.0 = Release|Any CPU
		{44FA1D3E-B517-4EBE-B62E-7F91A4E11AFB}.Debug|Any CPU.ActiveCfg = Debug|Any CPU
		{44FA1D3E-B517-4EBE-B62E-7F91A4E11AFB}.Debug|Any CPU.Build.0 = Debug|Any CPU
		{44FA1D3E-B517-4EBE-B62E-7F91A4E11AFB}.Release|Any CPU.ActiveCfg = Release|Any CPU
		{44FA1D3E-B517-4EBE-B62E-7F91A4E11AFB}.Release|Any CPU.Build.0 = Release|Any CPU
		{59749E19-6094-4D17-98DA-8A08C7934D66}.Debug|Any CPU.ActiveCfg = Debug|Any CPU
		{59749E19-6094-4D17-98DA-8A08C7934D66}.Debug|Any CPU.Build.0 = Debug|Any CPU
		{59749E19-6094-4D17-98DA-8A08C7934D66}.Release|Any CPU.ActiveCfg = Release|Any CPU
		{59749E19-6094-4D17-98DA-8A08C7934D66}.Release|Any CPU.Build.0 = Release|Any CPU
	EndGlobalSection
	GlobalSection(SolutionProperties) = preSolution
		HideSolutionNode = FALSE
	EndGlobalSection
	GlobalSection(ExtensibilityGlobals) = postSolution
		SolutionGuid = {BB7ECAC4-B1F4-4DED-B244-658C5B086A06}
	EndGlobalSection
EndGlobal
