
Microsoft Visual Studio Solution File, Format Version 12.00
# Visual Studio Version 16
VisualStudioVersion = 16.0.31112.23
MinimumVisualStudioVersion = 10.0.40219.1
Project("{9A19103F-16F7-4668-BE54-9A1E7A4F7556}") = "UserInterface", "UserInterface\UserInterface.csproj", "{96B00030-2DA8-4CFD-8D5C-7DB7819D1E13}"
EndProject
Global
	GlobalSection(SolutionConfigurationPlatforms) = preSolution
		Debug|Any CPU = Debug|Any CPU
		Release|Any CPU = Release|Any CPU
	EndGlobalSection
	GlobalSection(ProjectConfigurationPlatforms) = postSolution
		{96B00030-2DA8-4CFD-8D5C-7DB7819D1E13}.Debug|Any CPU.ActiveCfg = Debug|Any CPU
		{96B00030-2DA8-4CFD-8D5C-7DB7819D1E13}.Debug|Any CPU.Build.0 = Debug|Any CPU
		{96B00030-2DA8-4CFD-8D5C-7DB7819D1E13}.Release|Any CPU.ActiveCfg = Release|Any CPU
		{96B00030-2DA8-4CFD-8D5C-7DB7819D1E13}.Release|Any CPU.Build.0 = Release|Any CPU
	EndGlobalSection
	GlobalSection(SolutionProperties) = preSolution
		HideSolutionNode = FALSE
	EndGlobalSection
	GlobalSection(ExtensibilityGlobals) = postSolution
		SolutionGuid = {BB7ECAC4-B1F4-4DED-B244-658C5B086A06}
	EndGlobalSection
EndGlobal
